// !$*UTF8*$!
{
	archiveVersion = 1;
	classes = {
	};
	objectVersion = 77;
	objects = {

/* Begin PBXBuildFile section */
		8AC562F72D9CC8CB00F2564B /* WidgetKit.framework in Frameworks */ = {isa = PBXBuildFile; fileRef = 8AC562F62D9CC8CB00F2564B /* WidgetKit.framework */; };
		8AC562F92D9CC8CB00F2564B /* SwiftUI.framework in Frameworks */ = {isa = PBXBuildFile; fileRef = 8AC562F82D9CC8CB00F2564B /* SwiftUI.framework */; };
		8AC563042D9CC8CC00F2564B /* JRNLWidgetExtension.appex in Embed Foundation Extensions */ = {isa = PBXBuildFile; fileRef = 8AC562F42D9CC8CB00F2564B /* JRNLWidgetExtension.appex */; settings = {ATTRIBUTES = (RemoveHeadersOnCopy, ); }; };
/* End PBXBuildFile section */

/* Begin PBXContainerItemProxy section */
		8AC563022D9CC8CC00F2564B /* PBXContainerItemProxy */ = {
			isa = PBXContainerItemProxy;
			containerPortal = CCFA1BB02D923B6700733525 /* Project object */;
			proxyType = 1;
			remoteGlobalIDString = 8AC562F32D9CC8CB00F2564B;
			remoteInfo = JRNLWidgetExtension;
		};
/* End PBXContainerItemProxy section */

/* Begin PBXCopyFilesBuildPhase section */
		8AC563052D9CC8CC00F2564B /* Embed Foundation Extensions */ = {
			isa = PBXCopyFilesBuildPhase;
			buildActionMask = 2147483647;
			dstPath = "";
			dstSubfolderSpec = 13;
			files = (
				8AC563042D9CC8CC00F2564B /* JRNLWidgetExtension.appex in Embed Foundation Extensions */,
			);
			name = "Embed Foundation Extensions";
			runOnlyForDeploymentPostprocessing = 0;
		};
/* End PBXCopyFilesBuildPhase section */

/* Begin PBXFileReference section */
		8AC562F42D9CC8CB00F2564B /* JRNLWidgetExtension.appex */ = {isa = PBXFileReference; explicitFileType = "wrapper.app-extension"; includeInIndex = 0; path = JRNLWidgetExtension.appex; sourceTree = BUILT_PRODUCTS_DIR; };
		8AC562F62D9CC8CB00F2564B /* WidgetKit.framework */ = {isa = PBXFileReference; lastKnownFileType = wrapper.framework; name = WidgetKit.framework; path = System/Library/Frameworks/WidgetKit.framework; sourceTree = SDKROOT; };
		8AC562F82D9CC8CB00F2564B /* SwiftUI.framework */ = {isa = PBXFileReference; lastKnownFileType = wrapper.framework; name = SwiftUI.framework; path = System/Library/Frameworks/SwiftUI.framework; sourceTree = SDKROOT; };
		8AC5630E2D9CDA5900F2564B /* JRNLWidgetExtension.entitlements */ = {isa = PBXFileReference; lastKnownFileType = text.plist.entitlements; path = JRNLWidgetExtension.entitlements; sourceTree = "<group>"; };
		CCFA1BB82D923B6700733525 /* JRNL.app */ = {isa = PBXFileReference; explicitFileType = wrapper.application; includeInIndex = 0; path = JRNL.app; sourceTree = BUILT_PRODUCTS_DIR; };
/* End PBXFileReference section */

/* Begin PBXFileSystemSynchronizedBuildFileExceptionSet section */
		8AC563092D9CC8CC00F2564B /* Exceptions for "JRNLWidget" folder in "JRNLWidgetExtension" target */ = {
			isa = PBXFileSystemSynchronizedBuildFileExceptionSet;
			membershipExceptions = (
				Info.plist,
			);
			target = 8AC562F32D9CC8CB00F2564B /* JRNLWidgetExtension */;
		};
		8AC5630B2D9CCBFB00F2564B /* Exceptions for "JRNL" folder in "JRNLWidgetExtension" target */ = {
			isa = PBXFileSystemSynchronizedBuildFileExceptionSet;
			membershipExceptions = (
				Models/JournalEntry.swift,
				Models/SharedData.swift,
			);
			target = 8AC562F32D9CC8CB00F2564B /* JRNLWidgetExtension */;
		};
		CCFA1BCA2D923B6900733525 /* Exceptions for "JRNL" folder in "JRNL" target */ = {
			isa = PBXFileSystemSynchronizedBuildFileExceptionSet;
			membershipExceptions = (
				Info.plist,
			);
			target = CCFA1BB72D923B6700733525 /* JRNL */;
		};
/* End PBXFileSystemSynchronizedBuildFileExceptionSet section */

/* Begin PBXFileSystemSynchronizedRootGroup section */
		8AC562FA2D9CC8CB00F2564B /* JRNLWidget */ = {
			isa = PBXFileSystemSynchronizedRootGroup;
			exceptions = (
				8AC563092D9CC8CC00F2564B /* Exceptions for "JRNLWidget" folder in "JRNLWidgetExtension" target */,
			);
			path = JRNLWidget;
			sourceTree = "<group>";
		};
		CCFA1BBA2D923B6700733525 /* JRNL */ = {
			isa = PBXFileSystemSynchronizedRootGroup;
			exceptions = (
				CCFA1BCA2D923B6900733525 /* Exceptions for "JRNL" folder in "JRNL" target */,
				8AC5630B2D9CCBFB00F2564B /* Exceptions for "JRNL" folder in "JRNLWidgetExtension" target */,
			);
			path = JRNL;
			sourceTree = "<group>";
		};
/* End PBXFileSystemSynchronizedRootGroup section */

/* Begin PBXFrameworksBuildPhase section */
		8AC562F12D9CC8CB00F2564B /* Frameworks */ = {
			isa = PBXFrameworksBuildPhase;
			buildActionMask = 2147483647;
			files = (
				8AC562F92D9CC8CB00F2564B /* SwiftUI.framework in Frameworks */,
				8AC562F72D9CC8CB00F2564B /* WidgetKit.framework in Frameworks */,
			);
			runOnlyForDeploymentPostprocessing = 0;
		};
		CCFA1BB52D923B6700733525 /* Frameworks */ = {
			isa = PBXFrameworksBuildPhase;
			buildActionMask = 2147483647;
			files = (
			);
			runOnlyForDeploymentPostprocessing = 0;
		};
/* End PBXFrameworksBuildPhase section */

/* Begin PBXGroup section */
		8AC562F52D9CC8CB00F2564B /* Frameworks */ = {
			isa = PBXGroup;
			children = (
				8AC562F62D9CC8CB00F2564B /* WidgetKit.framework */,
				8AC562F82D9CC8CB00F2564B /* SwiftUI.framework */,
			);
			name = Frameworks;
			sourceTree = "<group>";
		};
		CCFA1BAF2D923B6700733525 = {
			isa = PBXGroup;
			children = (
				8AC5630E2D9CDA5900F2564B /* JRNLWidgetExtension.entitlements */,
				CCFA1BBA2D923B6700733525 /* JRNL */,
				8AC562FA2D9CC8CB00F2564B /* JRNLWidget */,
				8AC562F52D9CC8CB00F2564B /* Frameworks */,
				CCFA1BB92D923B6700733525 /* Products */,
			);
			sourceTree = "<group>";
		};
		CCFA1BB92D923B6700733525 /* Products */ = {
			isa = PBXGroup;
			children = (
				CCFA1BB82D923B6700733525 /* JRNL.app */,
				8AC562F42D9CC8CB00F2564B /* JRNLWidgetExtension.appex */,
			);
			name = Products;
			sourceTree = "<group>";
		};
/* End PBXGroup section */

/* Begin PBXNativeTarget section */
		8AC562F32D9CC8CB00F2564B /* JRNLWidgetExtension */ = {
			isa = PBXNativeTarget;
			buildConfigurationList = 8AC563082D9CC8CC00F2564B /* Build configuration list for PBXNativeTarget "JRNLWidgetExtension" */;
			buildPhases = (
				8AC562F02D9CC8CB00F2564B /* Sources */,
				8AC562F12D9CC8CB00F2564B /* Frameworks */,
				8AC562F22D9CC8CB00F2564B /* Resources */,
			);
			buildRules = (
			);
			dependencies = (
			);
			fileSystemSynchronizedGroups = (
				8AC562FA2D9CC8CB00F2564B /* JRNLWidget */,
			);
			name = JRNLWidgetExtension;
			packageProductDependencies = (
			);
			productName = JRNLWidgetExtension;
			productReference = 8AC562F42D9CC8CB00F2564B /* JRNLWidgetExtension.appex */;
			productType = "com.apple.product-type.app-extension";
		};
		CCFA1BB72D923B6700733525 /* JRNL */ = {
			isa = PBXNativeTarget;
			buildConfigurationList = CCFA1BCB2D923B6900733525 /* Build configuration list for PBXNativeTarget "JRNL" */;
			buildPhases = (
				CCFA1BB42D923B6700733525 /* Sources */,
				CCFA1BB52D923B6700733525 /* Frameworks */,
				CCFA1BB62D923B6700733525 /* Resources */,
				8AC563052D9CC8CC00F2564B /* Embed Foundation Extensions */,
			);
			buildRules = (
			);
			dependencies = (
				8AC563032D9CC8CC00F2564B /* PBXTargetDependency */,
			);
			fileSystemSynchronizedGroups = (
				CCFA1BBA2D923B6700733525 /* JRNL */,
			);
			name = JRNL;
			packageProductDependencies = (
			);
			productName = JRNL;
			productReference = CCFA1BB82D923B6700733525 /* JRNL.app */;
			productType = "com.apple.product-type.application";
		};
/* End PBXNativeTarget section */

/* Begin PBXProject section */
		CCFA1BB02D923B6700733525 /* Project object */ = {
			isa = PBXProject;
			attributes = {
				BuildIndependentTargetsInParallel = 1;
				LastSwiftUpdateCheck = 1620;
				LastUpgradeCheck = 1620;
				TargetAttributes = {
					8AC562F32D9CC8CB00F2564B = {
						CreatedOnToolsVersion = 16.2;
					};
					CCFA1BB72D923B6700733525 = {
						CreatedOnToolsVersion = 16.2;
					};
				};
			};
			buildConfigurationList = CCFA1BB32D923B6700733525 /* Build configuration list for PBXProject "JRNL" */;
			developmentRegion = en;
			hasScannedForEncodings = 0;
			knownRegions = (
				en,
				Base,
			);
			mainGroup = CCFA1BAF2D923B6700733525;
			minimizedProjectReferenceProxies = 1;
			preferredProjectObjectVersion = 77;
			productRefGroup = CCFA1BB92D923B6700733525 /* Products */;
			projectDirPath = "";
			projectRoot = "";
			targets = (
				CCFA1BB72D923B6700733525 /* JRNL */,
				8AC562F32D9CC8CB00F2564B /* JRNLWidgetExtension */,
			);
		};
/* End PBXProject section */

/* Begin PBXResourcesBuildPhase section */
		8AC562F22D9CC8CB00F2564B /* Resources */ = {
			isa = PBXResourcesBuildPhase;
			buildActionMask = 2147483647;
			files = (
			);
			runOnlyForDeploymentPostprocessing = 0;
		};
		CCFA1BB62D923B6700733525 /* Resources */ = {
			isa = PBXResourcesBuildPhase;
			buildActionMask = 2147483647;
			files = (
			);
			runOnlyForDeploymentPostprocessing = 0;
		};
/* End PBXResourcesBuildPhase section */

/* Begin PBXSourcesBuildPhase section */
		8AC562F02D9CC8CB00F2564B /* Sources */ = {
			isa = PBXSourcesBuildPhase;
			buildActionMask = 2147483647;
			files = (
			);
			runOnlyForDeploymentPostprocessing = 0;
		};
		CCFA1BB42D923B6700733525 /* Sources */ = {
			isa = PBXSourcesBuildPhase;
			buildActionMask = 2147483647;
			files = (
			);
			runOnlyForDeploymentPostprocessing = 0;
		};
/* End PBXSourcesBuildPhase section */

/* Begin PBXTargetDependency section */
		8AC563032D9CC8CC00F2564B /* PBXTargetDependency */ = {
			isa = PBXTargetDependency;
			target = 8AC562F32D9CC8CB00F2564B /* JRNLWidgetExtension */;
			targetProxy = 8AC563022D9CC8CC00F2564B /* PBXContainerItemProxy */;
		};
/* End PBXTargetDependency section */

/* Begin XCBuildConfiguration section */
		8AC563062D9CC8CC00F2564B /* Debug */ = {
			isa = XCBuildConfiguration;
			buildSettings = {
				ASSETCATALOG_COMPILER_GLOBAL_ACCENT_COLOR_NAME = AccentColor;
				ASSETCATALOG_COMPILER_WIDGET_BACKGROUND_COLOR_NAME = WidgetBackground;
				CODE_SIGN_ENTITLEMENTS = JRNLWidgetExtension.entitlements;
				CODE_SIGN_STYLE = Automatic;
				CURRENT_PROJECT_VERSION = 1;
				DEVELOPMENT_TEAM = R4DRCFZRGK;
				GENERATE_INFOPLIST_FILE = YES;
				INFOPLIST_FILE = JRNLWidget/Info.plist;
				INFOPLIST_KEY_CFBundleDisplayName = JRNLWidget;
				INFOPLIST_KEY_NSHumanReadableCopyright = "";
				LD_RUNPATH_SEARCH_PATHS = (
					"$(inherited)",
					"@executable_path/Frameworks",
					"@executable_path/../../Frameworks",
				);
				MARKETING_VERSION = 1.0;
				PRODUCT_BUNDLE_IDENTIFIER = kr.co.moonrise.JRNL.JRNLWidget;
				PRODUCT_NAME = "$(TARGET_NAME)";
				SKIP_INSTALL = YES;
				SWIFT_EMIT_LOC_STRINGS = YES;
				SWIFT_VERSION = 5.0;
				TARGETED_DEVICE_FAMILY = "1,2";
			};
			name = Debug;
		};
		8AC563072D9CC8CC00F2564B /* Release */ = {
			isa = XCBuildConfiguration;
			buildSettings = {
				ASSETCATALOG_COMPILER_GLOBAL_ACCENT_COLOR_NAME = AccentColor;
				ASSETCATALOG_COMPILER_WIDGET_BACKGROUND_COLOR_NAME = WidgetBackground;
				CODE_SIGN_ENTITLEMENTS = JRNLWidgetExtension.entitlements;
				CODE_SIGN_STYLE = Automatic;
				CURRENT_PROJECT_VERSION = 1;
				DEVELOPMENT_TEAM = R4DRCFZRGK;
				GENERATE_INFOPLIST_FILE = YES;
				INFOPLIST_FILE = JRNLWidget/Info.plist;
				INFOPLIST_KEY_CFBundleDisplayName = JRNLWidget;
				INFOPLIST_KEY_NSHumanReadableCopyright = "";
				LD_RUNPATH_SEARCH_PATHS = (
					"$(inherited)",
					"@executable_path/Frameworks",
					"@executable_path/../../Frameworks",
				);
				MARKETING_VERSION = 1.0;
				PRODUCT_BUNDLE_IDENTIFIER = kr.co.moonrise.JRNL.JRNLWidget;
				PRODUCT_NAME = "$(TARGET_NAME)";
				SKIP_INSTALL = YES;
				SWIFT_EMIT_LOC_STRINGS = YES;
				SWIFT_VERSION = 5.0;
				TARGETED_DEVICE_FAMILY = "1,2";
			};
			name = Release;
		};
		CCFA1BCC2D923B6900733525 /* Debug */ = {
			isa = XCBuildConfiguration;
			buildSettings = {
				ASSETCATALOG_COMPILER_APPICON_NAME = AppIcon;
				ASSETCATALOG_COMPILER_GLOBAL_ACCENT_COLOR_NAME = AccentColor;
				CODE_SIGN_ENTITLEMENTS = JRNL/JRNL.entitlements;
				CODE_SIGN_STYLE = Automatic;
				CURRENT_PROJECT_VERSION = 1;
				DEVELOPMENT_TEAM = R4DRCFZRGK;
				GENERATE_INFOPLIST_FILE = YES;
				INFOPLIST_FILE = JRNL/Info.plist;
				INFOPLIST_KEY_NSCameraUsageDescription = "저널 엔트리 생성을 위해 카메라를 사용합니다.";
				INFOPLIST_KEY_NSLocationAlwaysAndWhenInUseUsageDescription = "This app uses your location for journal entries.";
				INFOPLIST_KEY_NSLocationWhenInUseUsageDescription = "This app uses your location for journal entries.";
				INFOPLIST_KEY_NSPhotoLibraryUsageDescription = "저널 엔트리 생성을 위해 포토 라이브러리를 사용합니다.";
				INFOPLIST_KEY_UIApplicationSupportsIndirectInputEvents = YES;
				INFOPLIST_KEY_UILaunchStoryboardName = LaunchScreen;
				INFOPLIST_KEY_UIMainStoryboardFile = Main;
				INFOPLIST_KEY_UISupportedInterfaceOrientations_iPad = "UIInterfaceOrientationPortrait UIInterfaceOrientationPortraitUpsideDown UIInterfaceOrientationLandscapeLeft UIInterfaceOrientationLandscapeRight";
				INFOPLIST_KEY_UISupportedInterfaceOrientations_iPhone = "UIInterfaceOrientationPortrait UIInterfaceOrientationLandscapeLeft UIInterfaceOrientationLandscapeRight";
				LD_RUNPATH_SEARCH_PATHS = (
					"$(inherited)",
					"@executable_path/Frameworks",
				);
				MARKETING_VERSION = 1.0;
				PRODUCT_BUNDLE_IDENTIFIER = kr.co.moonrise.JRNL;
				PRODUCT_NAME = "$(TARGET_NAME)";
				SWIFT_EMIT_LOC_STRINGS = YES;
				SWIFT_VERSION = 5.0;
				TARGETED_DEVICE_FAMILY = "1,2";
			};
			name = Debug;
		};
		CCFA1BCD2D923B6900733525 /* Release */ = {
			isa = XCBuildConfiguration;
			buildSettings = {
				ASSETCATALOG_COMPILER_APPICON_NAME = AppIcon;
				ASSETCATALOG_COMPILER_GLOBAL_ACCENT_COLOR_NAME = AccentColor;
				CODE_SIGN_ENTITLEMENTS = JRNL/JRNL.entitlements;
				CODE_SIGN_STYLE = Automatic;
				CURRENT_PROJECT_VERSION = 1;
				DEVELOPMENT_TEAM = R4DRCFZRGK;
				GENERATE_INFOPLIST_FILE = YES;
				INFOPLIST_FILE = JRNL/Info.plist;
				INFOPLIST_KEY_NSCameraUsageDescription = "저널 엔트리 생성을 위해 카메라를 사용합니다.";
				INFOPLIST_KEY_NSLocationAlwaysAndWhenInUseUsageDescription = "This app uses your location for journal entries.";
				INFOPLIST_KEY_NSLocationWhenInUseUsageDescription = "This app uses your location for journal entries.";
				INFOPLIST_KEY_NSPhotoLibraryUsageDescription = "저널 엔트리 생성을 위해 포토 라이브러리를 사용합니다.";
				INFOPLIST_KEY_UIApplicationSupportsIndirectInputEvents = YES;
				INFOPLIST_KEY_UILaunchStoryboardName = LaunchScreen;
				INFOPLIST_KEY_UIMainStoryboardFile = Main;
				INFOPLIST_KEY_UISupportedInterfaceOrientations_iPad = "UIInterfaceOrientationPortrait UIInterfaceOrientationPortraitUpsideDown UIInterfaceOrientationLandscapeLeft UIInterfaceOrientationLandscapeRight";
				INFOPLIST_KEY_UISupportedInterfaceOrientations_iPhone = "UIInterfaceOrientationPortrait UIInterfaceOrientationLandscapeLeft UIInterfaceOrientationLandscapeRight";
				LD_RUNPATH_SEARCH_PATHS = (
					"$(inherited)",
					"@executable_path/Frameworks",
				);
				MARKETING_VERSION = 1.0;
				PRODUCT_BUNDLE_IDENTIFIER = kr.co.moonrise.JRNL;
				PRODUCT_NAME = "$(TARGET_NAME)";
				SWIFT_EMIT_LOC_STRINGS = YES;
				SWIFT_VERSION = 5.0;
				TARGETED_DEVICE_FAMILY = "1,2";
			};
			name = Release;
		};
		CCFA1BCE2D923B6900733525 /* Debug */ = {
			isa = XCBuildConfiguration;
			buildSettings = {
				ALWAYS_SEARCH_USER_PATHS = NO;
				ASSETCATALOG_COMPILER_GENERATE_SWIFT_ASSET_SYMBOL_EXTENSIONS = YES;
				CLANG_ANALYZER_NONNULL = YES;
				CLANG_ANALYZER_NUMBER_OBJECT_CONVERSION = YES_AGGRESSIVE;
				CLANG_CXX_LANGUAGE_STANDARD = "gnu++20";
				CLANG_ENABLE_MODULES = YES;
				CLANG_ENABLE_OBJC_ARC = YES;
				CLANG_ENABLE_OBJC_WEAK = YES;
				CLANG_WARN_BLOCK_CAPTURE_AUTORELEASING = YES;
				CLANG_WARN_BOOL_CONVERSION = YES;
				CLANG_WARN_COMMA = YES;
				CLANG_WARN_CONSTANT_CONVERSION = YES;
				CLANG_WARN_DEPRECATED_OBJC_IMPLEMENTATIONS = YES;
				CLANG_WARN_DIRECT_OBJC_ISA_USAGE = YES_ERROR;
				CLANG_WARN_DOCUMENTATION_COMMENTS = YES;
				CLANG_WARN_EMPTY_BODY = YES;
				CLANG_WARN_ENUM_CONVERSION = YES;
				CLANG_WARN_INFINITE_RECURSION = YES;
				CLANG_WARN_INT_CONVERSION = YES;
				CLANG_WARN_NON_LITERAL_NULL_CONVERSION = YES;
				CLANG_WARN_OBJC_IMPLICIT_RETAIN_SELF = YES;
				CLANG_WARN_OBJC_LITERAL_CONVERSION = YES;
				CLANG_WARN_OBJC_ROOT_CLASS = YES_ERROR;
				CLANG_WARN_QUOTED_INCLUDE_IN_FRAMEWORK_HEADER = YES;
				CLANG_WARN_RANGE_LOOP_ANALYSIS = YES;
				CLANG_WARN_STRICT_PROTOTYPES = YES;
				CLANG_WARN_SUSPICIOUS_MOVE = YES;
				CLANG_WARN_UNGUARDED_AVAILABILITY = YES_AGGRESSIVE;
				CLANG_WARN_UNREACHABLE_CODE = YES;
				CLANG_WARN__DUPLICATE_METHOD_MATCH = YES;
				COPY_PHASE_STRIP = NO;
				DEBUG_INFORMATION_FORMAT = dwarf;
				ENABLE_STRICT_OBJC_MSGSEND = YES;
				ENABLE_TESTABILITY = YES;
				ENABLE_USER_SCRIPT_SANDBOXING = YES;
				GCC_C_LANGUAGE_STANDARD = gnu17;
				GCC_DYNAMIC_NO_PIC = NO;
				GCC_NO_COMMON_BLOCKS = YES;
				GCC_OPTIMIZATION_LEVEL = 0;
				GCC_PREPROCESSOR_DEFINITIONS = (
					"DEBUG=1",
					"$(inherited)",
				);
				GCC_WARN_64_TO_32_BIT_CONVERSION = YES;
				GCC_WARN_ABOUT_RETURN_TYPE = YES_ERROR;
				GCC_WARN_UNDECLARED_SELECTOR = YES;
				GCC_WARN_UNINITIALIZED_AUTOS = YES_AGGRESSIVE;
				GCC_WARN_UNUSED_FUNCTION = YES;
				GCC_WARN_UNUSED_VARIABLE = YES;
				IPHONEOS_DEPLOYMENT_TARGET = 18.2;
				LOCALIZATION_PREFERS_STRING_CATALOGS = YES;
				MTL_ENABLE_DEBUG_INFO = INCLUDE_SOURCE;
				MTL_FAST_MATH = YES;
				ONLY_ACTIVE_ARCH = YES;
				SDKROOT = iphoneos;
				SWIFT_ACTIVE_COMPILATION_CONDITIONS = "DEBUG $(inherited)";
				SWIFT_OPTIMIZATION_LEVEL = "-Onone";
			};
			name = Debug;
		};
		CCFA1BCF2D923B6900733525 /* Release */ = {
			isa = XCBuildConfiguration;
			buildSettings = {
				ALWAYS_SEARCH_USER_PATHS = NO;
				ASSETCATALOG_COMPILER_GENERATE_SWIFT_ASSET_SYMBOL_EXTENSIONS = YES;
				CLANG_ANALYZER_NONNULL = YES;
				CLANG_ANALYZER_NUMBER_OBJECT_CONVERSION = YES_AGGRESSIVE;
				CLANG_CXX_LANGUAGE_STANDARD = "gnu++20";
				CLANG_ENABLE_MODULES = YES;
				CLANG_ENABLE_OBJC_ARC = YES;
				CLANG_ENABLE_OBJC_WEAK = YES;
				CLANG_WARN_BLOCK_CAPTURE_AUTORELEASING = YES;
				CLANG_WARN_BOOL_CONVERSION = YES;
				CLANG_WARN_COMMA = YES;
				CLANG_WARN_CONSTANT_CONVERSION = YES;
				CLANG_WARN_DEPRECATED_OBJC_IMPLEMENTATIONS = YES;
				CLANG_WARN_DIRECT_OBJC_ISA_USAGE = YES_ERROR;
				CLANG_WARN_DOCUMENTATION_COMMENTS = YES;
				CLANG_WARN_EMPTY_BODY = YES;
				CLANG_WARN_ENUM_CONVERSION = YES;
				CLANG_WARN_INFINITE_RECURSION = YES;
				CLANG_WARN_INT_CONVERSION = YES;
				CLANG_WARN_NON_LITERAL_NULL_CONVERSION = YES;
				CLANG_WARN_OBJC_IMPLICIT_RETAIN_SELF = YES;
				CLANG_WARN_OBJC_LITERAL_CONVERSION = YES;
				CLANG_WARN_OBJC_ROOT_CLASS = YES_ERROR;
				CLANG_WARN_QUOTED_INCLUDE_IN_FRAMEWORK_HEADER = YES;
				CLANG_WARN_RANGE_LOOP_ANALYSIS = YES;
				CLANG_WARN_STRICT_PROTOTYPES = YES;
				CLANG_WARN_SUSPICIOUS_MOVE = YES;
				CLANG_WARN_UNGUARDED_AVAILABILITY = YES_AGGRESSIVE;
				CLANG_WARN_UNREACHABLE_CODE = YES;
				CLANG_WARN__DUPLICATE_METHOD_MATCH = YES;
				COPY_PHASE_STRIP = NO;
				DEBUG_INFORMATION_FORMAT = "dwarf-with-dsym";
				ENABLE_NS_ASSERTIONS = NO;
				ENABLE_STRICT_OBJC_MSGSEND = YES;
				ENABLE_USER_SCRIPT_SANDBOXING = YES;
				GCC_C_LANGUAGE_STANDARD = gnu17;
				GCC_NO_COMMON_BLOCKS = YES;
				GCC_WARN_64_TO_32_BIT_CONVERSION = YES;
				GCC_WARN_ABOUT_RETURN_TYPE = YES_ERROR;
				GCC_WARN_UNDECLARED_SELECTOR = YES;
				GCC_WARN_UNINITIALIZED_AUTOS = YES_AGGRESSIVE;
				GCC_WARN_UNUSED_FUNCTION = YES;
				GCC_WARN_UNUSED_VARIABLE = YES;
				IPHONEOS_DEPLOYMENT_TARGET = 18.2;
				LOCALIZATION_PREFERS_STRING_CATALOGS = YES;
				MTL_ENABLE_DEBUG_INFO = NO;
				MTL_FAST_MATH = YES;
				SDKROOT = iphoneos;
				SWIFT_COMPILATION_MODE = wholemodule;
				VALIDATE_PRODUCT = YES;
			};
			name = Release;
		};
/* End XCBuildConfiguration section */

/* Begin XCConfigurationList section */
		8AC563082D9CC8CC00F2564B /* Build configuration list for PBXNativeTarget "JRNLWidgetExtension" */ = {
			isa = XCConfigurationList;
			buildConfigurations = (
				8AC563062D9CC8CC00F2564B /* Debug */,
				8AC563072D9CC8CC00F2564B /* Release */,
			);
			defaultConfigurationIsVisible = 0;
			defaultConfigurationName = Release;
		};
		CCFA1BB32D923B6700733525 /* Build configuration list for PBXProject "JRNL" */ = {
			isa = XCConfigurationList;
			buildConfigurations = (
				CCFA1BCE2D923B6900733525 /* Debug */,
				CCFA1BCF2D923B6900733525 /* Release */,
			);
			defaultConfigurationIsVisible = 0;
			defaultConfigurationName = Release;
		};
		CCFA1BCB2D923B6900733525 /* Build configuration list for PBXNativeTarget "JRNL" */ = {
			isa = XCConfigurationList;
			buildConfigurations = (
				CCFA1BCC2D923B6900733525 /* Debug */,
				CCFA1BCD2D923B6900733525 /* Release */,
			);
			defaultConfigurationIsVisible = 0;
			defaultConfigurationName = Release;
		};
/* End XCConfigurationList section */
	};
	rootObject = CCFA1BB02D923B6700733525 /* Project object */;
}
